
Microsoft Visual Studio Solution File, Format Version 12.00
# Visual Studio Version 17
VisualStudioVersion = 17.5.33530.505
MinimumVisualStudioVersion = 10.0.40219.1
Project("{FAE04EC0-301F-11D3-BF4B-00C04F79EFBC}") = "Disconnected", "Disconnected\Disconnected.csproj", "{BCF1800D-0BEE-48E5-82FE-90E58CA0C7B3}"
EndProject
Global
	GlobalSection(SolutionConfigurationPlatforms) = preSolution
		Debug|Any CPU = Debug|Any CPU
		Release|Any CPU = Release|Any CPU
	EndGlobalSection
	GlobalSection(ProjectConfigurationPlatforms) = postSolution
		{BCF1800D-0BEE-48E5-82FE-90E58CA0C7B3}.Debug|Any CPU.ActiveCfg = Debug|Any CPU
		{BCF1800D-0BEE-48E5-82FE-90E58CA0C7B3}.Debug|Any CPU.Build.0 = Debug|Any CPU
		{BCF1800D-0BEE-48E5-82FE-90E58CA0C7B3}.Release|Any CPU.ActiveCfg = Release|Any CPU
		{BCF1800D-0BEE-48E5-82FE-90E58CA0C7B3}.Release|Any CPU.Build.0 = Release|Any CPU
	EndGlobalSection
	GlobalSection(SolutionProperties) = preSolution
		HideSolutionNode = FALSE
	EndGlobalSection
	GlobalSection(ExtensibilityGlobals) = postSolution
		SolutionGuid = {D3FFA90C-F859-4CCC-B13D-0C64DB35158D}
	EndGlobalSection
EndGlobal
